
Microsoft Visual Studio Solution File, Format Version 12.00
# Visual Studio Version 17
VisualStudioVersion = 17.0.32126.317
MinimumVisualStudioVersion = 10.0.40219.1
Project("{FAE04EC0-301F-11D3-BF4B-00C04F79EFBC}") = "ApiForUIThreadInWpf", "ApiForUIThreadInWpf\ApiForUIThreadInWpf.csproj", "{CAE7DE38-0C39-4BC9-8F8A-766D5A40492A}"
EndProject
Global
	GlobalSection(SolutionConfigurationPlatforms) = preSolution
		Debug|Any CPU = Debug|Any CPU
		Release|Any CPU = Release|Any CPU
	EndGlobalSection
	GlobalSection(ProjectConfigurationPlatforms) = postSolution
		{CAE7DE38-0C39-4BC9-8F8A-766D5A40492A}.Debug|Any CPU.ActiveCfg = Debug|Any CPU
		{CAE7DE38-0C39-4BC9-8F8A-766D5A40492A}.Debug|Any CPU.Build.0 = Debug|Any CPU
		{CAE7DE38-0C39-4BC9-8F8A-766D5A40492A}.Release|Any CPU.ActiveCfg = Release|Any CPU
		{CAE7DE38-0C39-4BC9-8F8A-766D5A40492A}.Release|Any CPU.Build.0 = Release|Any CPU
	EndGlobalSection
	GlobalSection(SolutionProperties) = preSolution
		HideSolutionNode = FALSE
	EndGlobalSection
	GlobalSection(ExtensibilityGlobals) = postSolution
		SolutionGuid = {113785D4-6804-4297-8308-8E76C1C7B00A}
	EndGlobalSection
EndGlobal
